// !$*UTF8*$!
{
	archiveVersion = 1;
	classes = {
	};
	objectVersion = 46;
	objects = {

/* Begin PBXBuildFile section */
		2B033955EDE758C977CD7EE9 /* Pods_BabyOnBoard.framework in Frameworks */ = {isa = PBXBuildFile; fileRef = C9CA8B7E6DEB1124E4C95441 /* Pods_BabyOnBoard.framework */; };
		497EE2F1C5AC8A4C31E33040 /* Pods_BabyOnBoardUITests.framework in Frameworks */ = {isa = PBXBuildFile; fileRef = EBC1C3C241C2F4CABA9E3A98 /* Pods_BabyOnBoardUITests.framework */; };
		55A5CBE31F58B16F0032F754 /* AppDelegate.swift in Sources */ = {isa = PBXBuildFile; fileRef = 55A5CBE21F58B16F0032F754 /* AppDelegate.swift */; };
		55A5CBE51F58B16F0032F754 /* FirstViewController.swift in Sources */ = {isa = PBXBuildFile; fileRef = 55A5CBE41F58B16F0032F754 /* FirstViewController.swift */; };
		55A5CBE71F58B16F0032F754 /* SecondViewController.swift in Sources */ = {isa = PBXBuildFile; fileRef = 55A5CBE61F58B16F0032F754 /* SecondViewController.swift */; };
		55A5CBEA1F58B16F0032F754 /* Main.storyboard in Resources */ = {isa = PBXBuildFile; fileRef = 55A5CBE81F58B16F0032F754 /* Main.storyboard */; };
		55A5CBEC1F58B16F0032F754 /* Assets.xcassets in Resources */ = {isa = PBXBuildFile; fileRef = 55A5CBEB1F58B16F0032F754 /* Assets.xcassets */; };
		55A5CBEF1F58B16F0032F754 /* LaunchScreen.storyboard in Resources */ = {isa = PBXBuildFile; fileRef = 55A5CBED1F58B16F0032F754 /* LaunchScreen.storyboard */; };
		55A5CBFA1F58B16F0032F754 /* BabyOnBoardTests.swift in Sources */ = {isa = PBXBuildFile; fileRef = 55A5CBF91F58B16F0032F754 /* BabyOnBoardTests.swift */; };
		55A5CC051F58B16F0032F754 /* BabyOnBoardUITests.swift in Sources */ = {isa = PBXBuildFile; fileRef = 55A5CC041F58B16F0032F754 /* BabyOnBoardUITests.swift */; };
		55A5CC151F58E9040032F754 /* TabBarControllerViewController.swift in Sources */ = {isa = PBXBuildFile; fileRef = 55A5CC141F58E9040032F754 /* TabBarControllerViewController.swift */; };
		55A5CC171F597FB20032F754 /* wifi.png in Resources */ = {isa = PBXBuildFile; fileRef = 55A5CC161F597FB20032F754 /* wifi.png */; };
		55A5CC1B1F59832A0032F754 /* thermometer-three-quarters-32.png in Resources */ = {isa = PBXBuildFile; fileRef = 55A5CC181F59832A0032F754 /* thermometer-three-quarters-32.png */; };
		55A5CC1C1F59832A0032F754 /* wifi-32.png in Resources */ = {isa = PBXBuildFile; fileRef = 55A5CC191F59832A0032F754 /* wifi-32.png */; };
		55A5CC1D1F59832A0032F754 /* youtube-play-32.png in Resources */ = {isa = PBXBuildFile; fileRef = 55A5CC1A1F59832A0032F754 /* youtube-play-32.png */; };
		55A5CC1F1F5983AA0032F754 /* bar-chart-32.png in Resources */ = {isa = PBXBuildFile; fileRef = 55A5CC1E1F5983AA0032F754 /* bar-chart-32.png */; };
		55A5CC211F59843F0032F754 /* crib-32.png in Resources */ = {isa = PBXBuildFile; fileRef = 55A5CC201F59843F0032F754 /* crib-32.png */; };
		55A5CC251F598A570032F754 /* crib-horizontal.png in Resources */ = {isa = PBXBuildFile; fileRef = 55A5CC221F598A570032F754 /* crib-horizontal.png */; };
		55A5CC261F598A570032F754 /* crib-vibrate.png in Resources */ = {isa = PBXBuildFile; fileRef = 55A5CC231F598A570032F754 /* crib-vibrate.png */; };
		55A5CC271F598A570032F754 /* crib-vertical.png in Resources */ = {isa = PBXBuildFile; fileRef = 55A5CC241F598A570032F754 /* crib-vertical.png */; };
		55A5CC2C1F5990C30032F754 /* MovementViewController.swift in Sources */ = {isa = PBXBuildFile; fileRef = 55A5CC2B1F5990C30032F754 /* MovementViewController.swift */; };
		55A5CC2E1F5990D50032F754 /* ConnectionViewController.swift in Sources */ = {isa = PBXBuildFile; fileRef = 55A5CC2D1F5990D50032F754 /* ConnectionViewController.swift */; };
		55A5CC301F59978C0032F754 /* ScheduleViewController.swift in Sources */ = {isa = PBXBuildFile; fileRef = 55A5CC2F1F59978C0032F754 /* ScheduleViewController.swift */; };
		55A5CC351F5999310032F754 /* rewind.png in Resources */ = {isa = PBXBuildFile; fileRef = 55A5CC311F5999310032F754 /* rewind.png */; };
		55A5CC361F5999310032F754 /* foward.png in Resources */ = {isa = PBXBuildFile; fileRef = 55A5CC321F5999310032F754 /* foward.png */; };
		55A5CC371F5999310032F754 /* play.png in Resources */ = {isa = PBXBuildFile; fileRef = 55A5CC331F5999310032F754 /* play.png */; };
		55A5CC381F5999310032F754 /* pause.png in Resources */ = {isa = PBXBuildFile; fileRef = 55A5CC341F5999310032F754 /* pause.png */; };
		55A5CC3A1F5999C40032F754 /* music.png in Resources */ = {isa = PBXBuildFile; fileRef = 55A5CC391F5999C40032F754 /* music.png */; };
		55A5CC3C1F59A3830032F754 /* placeholder-graph.png in Resources */ = {isa = PBXBuildFile; fileRef = 55A5CC3B1F59A3830032F754 /* placeholder-graph.png */; };
		55A5CC3E1F59A4990032F754 /* heartbeat.png in Resources */ = {isa = PBXBuildFile; fileRef = 55A5CC3D1F59A4990032F754 /* heartbeat.png */; };
		55A5CC401F59A55B0032F754 /* smell-512.png in Resources */ = {isa = PBXBuildFile; fileRef = 55A5CC3F1F59A55B0032F754 /* smell-512.png */; };
		55A5CC421F59A7320032F754 /* thermometer.png in Resources */ = {isa = PBXBuildFile; fileRef = 55A5CC411F59A7320032F754 /* thermometer.png */; };
		55D087D11FB345CE00904135 /* ApiConnector.swift in Sources */ = {isa = PBXBuildFile; fileRef = 55D087D01FB345CE00904135 /* ApiConnector.swift */; };
		55D087E21FB3D45100904135 /* icone_graph.png in Resources */ = {isa = PBXBuildFile; fileRef = 55D087D81FB3D44D00904135 /* icone_graph.png */; };
		55D087E31FB3D45100904135 /* icone_breathing.png in Resources */ = {isa = PBXBuildFile; fileRef = 55D087D91FB3D44E00904135 /* icone_breathing.png */; };
		55D087E41FB3D45100904135 /* icone_moving_crib.png in Resources */ = {isa = PBXBuildFile; fileRef = 55D087DA1FB3D44E00904135 /* icone_moving_crib.png */; };
		55D087E51FB3D45100904135 /* icone_moving_crib_vibrate.png in Resources */ = {isa = PBXBuildFile; fileRef = 55D087DB1FB3D44E00904135 /* icone_moving_crib_vibrate.png */; };
		55D087E61FB3D45100904135 /* logo.png in Resources */ = {isa = PBXBuildFile; fileRef = 55D087DC1FB3D44F00904135 /* logo.png */; };
		55D087E71FB3D45100904135 /* icone_moving_crib_Z.png in Resources */ = {isa = PBXBuildFile; fileRef = 55D087DD1FB3D45000904135 /* icone_moving_crib_Z.png */; };
		55D087E81FB3D45100904135 /* icone_crib_search.png in Resources */ = {isa = PBXBuildFile; fileRef = 55D087DE1FB3D45000904135 /* icone_crib_search.png */; };
		55D087E91FB3D45100904135 /* icone_heart.png in Resources */ = {isa = PBXBuildFile; fileRef = 55D087DF1FB3D45000904135 /* icone_heart.png */; };
		55D087EA1FB3D45100904135 /* icone_moving_crib_X.png in Resources */ = {isa = PBXBuildFile; fileRef = 55D087E01FB3D45100904135 /* icone_moving_crib_X.png */; };
		55D087EB1FB3D45100904135 /* icone_temperature.png in Resources */ = {isa = PBXBuildFile; fileRef = 55D087E11FB3D45100904135 /* icone_temperature.png */; };
		55D087EE1FB4BD7F00904135 /* icone_wifi.png in Resources */ = {isa = PBXBuildFile; fileRef = 55D087ED1FB4BD7E00904135 /* icone_wifi.png */; };
		C4609676D00780C7718A9A65 /* Pods_BabyOnBoardTests.framework in Frameworks */ = {isa = PBXBuildFile; fileRef = A60D9D6F81D16C376B1C3DCD /* Pods_BabyOnBoardTests.framework */; };
/* End PBXBuildFile section */

/* Begin PBXContainerItemProxy section */
		55A5CBF61F58B16F0032F754 /* PBXContainerItemProxy */ = {
			isa = PBXContainerItemProxy;
			containerPortal = 55A5CBD71F58B16F0032F754 /* Project object */;
			proxyType = 1;
			remoteGlobalIDString = 55A5CBDE1F58B16F0032F754;
			remoteInfo = BabyOnBoard;
		};
		55A5CC011F58B16F0032F754 /* PBXContainerItemProxy */ = {
			isa = PBXContainerItemProxy;
			containerPortal = 55A5CBD71F58B16F0032F754 /* Project object */;
			proxyType = 1;
			remoteGlobalIDString = 55A5CBDE1F58B16F0032F754;
			remoteInfo = BabyOnBoard;
		};
/* End PBXContainerItemProxy section */

/* Begin PBXFileReference section */
		30AD1DA8EA918AECFCE5B573 /* Pods-BabyOnBoardUITests.release.xcconfig */ = {isa = PBXFileReference; includeInIndex = 1; lastKnownFileType = text.xcconfig; name = "Pods-BabyOnBoardUITests.release.xcconfig"; path = "Pods/Target Support Files/Pods-BabyOnBoardUITests/Pods-BabyOnBoardUITests.release.xcconfig"; sourceTree = "<group>"; };
		55A5CBDF1F58B16F0032F754 /* BabyOnBoard.app */ = {isa = PBXFileReference; explicitFileType = wrapper.application; includeInIndex = 0; path = BabyOnBoard.app; sourceTree = BUILT_PRODUCTS_DIR; };
		55A5CBE21F58B16F0032F754 /* AppDelegate.swift */ = {isa = PBXFileReference; lastKnownFileType = sourcecode.swift; path = AppDelegate.swift; sourceTree = "<group>"; };
		55A5CBE41F58B16F0032F754 /* FirstViewController.swift */ = {isa = PBXFileReference; lastKnownFileType = sourcecode.swift; path = FirstViewController.swift; sourceTree = "<group>"; };
		55A5CBE61F58B16F0032F754 /* SecondViewController.swift */ = {isa = PBXFileReference; lastKnownFileType = sourcecode.swift; path = SecondViewController.swift; sourceTree = "<group>"; };
		55A5CBE91F58B16F0032F754 /* Base */ = {isa = PBXFileReference; lastKnownFileType = file.storyboard; name = Base; path = Base.lproj/Main.storyboard; sourceTree = "<group>"; };
		55A5CBEB1F58B16F0032F754 /* Assets.xcassets */ = {isa = PBXFileReference; lastKnownFileType = folder.assetcatalog; path = Assets.xcassets; sourceTree = "<group>"; };
		55A5CBEE1F58B16F0032F754 /* Base */ = {isa = PBXFileReference; lastKnownFileType = file.storyboard; name = Base; path = Base.lproj/LaunchScreen.storyboard; sourceTree = "<group>"; };
		55A5CBF01F58B16F0032F754 /* Info.plist */ = {isa = PBXFileReference; lastKnownFileType = text.plist.xml; path = Info.plist; sourceTree = "<group>"; };
		55A5CBF51F58B16F0032F754 /* BabyOnBoardTests.xctest */ = {isa = PBXFileReference; explicitFileType = wrapper.cfbundle; includeInIndex = 0; path = BabyOnBoardTests.xctest; sourceTree = BUILT_PRODUCTS_DIR; };
		55A5CBF91F58B16F0032F754 /* BabyOnBoardTests.swift */ = {isa = PBXFileReference; lastKnownFileType = sourcecode.swift; path = BabyOnBoardTests.swift; sourceTree = "<group>"; };
		55A5CBFB1F58B16F0032F754 /* Info.plist */ = {isa = PBXFileReference; lastKnownFileType = text.plist.xml; path = Info.plist; sourceTree = "<group>"; };
		55A5CC001F58B16F0032F754 /* BabyOnBoardUITests.xctest */ = {isa = PBXFileReference; explicitFileType = wrapper.cfbundle; includeInIndex = 0; path = BabyOnBoardUITests.xctest; sourceTree = BUILT_PRODUCTS_DIR; };
		55A5CC041F58B16F0032F754 /* BabyOnBoardUITests.swift */ = {isa = PBXFileReference; lastKnownFileType = sourcecode.swift; path = BabyOnBoardUITests.swift; sourceTree = "<group>"; };
		55A5CC061F58B16F0032F754 /* Info.plist */ = {isa = PBXFileReference; lastKnownFileType = text.plist.xml; path = Info.plist; sourceTree = "<group>"; };
		55A5CC141F58E9040032F754 /* TabBarControllerViewController.swift */ = {isa = PBXFileReference; fileEncoding = 4; lastKnownFileType = sourcecode.swift; path = TabBarControllerViewController.swift; sourceTree = "<group>"; };
		55A5CC161F597FB20032F754 /* wifi.png */ = {isa = PBXFileReference; lastKnownFileType = image.png; path = wifi.png; sourceTree = "<group>"; };
		55A5CC181F59832A0032F754 /* thermometer-three-quarters-32.png */ = {isa = PBXFileReference; lastKnownFileType = image.png; path = "thermometer-three-quarters-32.png"; sourceTree = "<group>"; };
		55A5CC191F59832A0032F754 /* wifi-32.png */ = {isa = PBXFileReference; lastKnownFileType = image.png; path = "wifi-32.png"; sourceTree = "<group>"; };
		55A5CC1A1F59832A0032F754 /* youtube-play-32.png */ = {isa = PBXFileReference; lastKnownFileType = image.png; path = "youtube-play-32.png"; sourceTree = "<group>"; };
		55A5CC1E1F5983AA0032F754 /* bar-chart-32.png */ = {isa = PBXFileReference; lastKnownFileType = image.png; path = "bar-chart-32.png"; sourceTree = "<group>"; };
		55A5CC201F59843F0032F754 /* crib-32.png */ = {isa = PBXFileReference; lastKnownFileType = image.png; path = "crib-32.png"; sourceTree = "<group>"; };
		55A5CC221F598A570032F754 /* crib-horizontal.png */ = {isa = PBXFileReference; lastKnownFileType = image.png; path = "crib-horizontal.png"; sourceTree = "<group>"; };
		55A5CC231F598A570032F754 /* crib-vibrate.png */ = {isa = PBXFileReference; lastKnownFileType = image.png; path = "crib-vibrate.png"; sourceTree = "<group>"; };
		55A5CC241F598A570032F754 /* crib-vertical.png */ = {isa = PBXFileReference; lastKnownFileType = image.png; path = "crib-vertical.png"; sourceTree = "<group>"; };
		55A5CC2B1F5990C30032F754 /* MovementViewController.swift */ = {isa = PBXFileReference; fileEncoding = 4; lastKnownFileType = sourcecode.swift; path = MovementViewController.swift; sourceTree = "<group>"; };
		55A5CC2D1F5990D50032F754 /* ConnectionViewController.swift */ = {isa = PBXFileReference; fileEncoding = 4; lastKnownFileType = sourcecode.swift; path = ConnectionViewController.swift; sourceTree = "<group>"; };
		55A5CC2F1F59978C0032F754 /* ScheduleViewController.swift */ = {isa = PBXFileReference; fileEncoding = 4; lastKnownFileType = sourcecode.swift; path = ScheduleViewController.swift; sourceTree = "<group>"; };
		55A5CC311F5999310032F754 /* rewind.png */ = {isa = PBXFileReference; lastKnownFileType = image.png; path = rewind.png; sourceTree = "<group>"; };
		55A5CC321F5999310032F754 /* foward.png */ = {isa = PBXFileReference; lastKnownFileType = image.png; path = foward.png; sourceTree = "<group>"; };
		55A5CC331F5999310032F754 /* play.png */ = {isa = PBXFileReference; lastKnownFileType = image.png; path = play.png; sourceTree = "<group>"; };
		55A5CC341F5999310032F754 /* pause.png */ = {isa = PBXFileReference; lastKnownFileType = image.png; path = pause.png; sourceTree = "<group>"; };
		55A5CC391F5999C40032F754 /* music.png */ = {isa = PBXFileReference; lastKnownFileType = image.png; path = music.png; sourceTree = "<group>"; };
		55A5CC3B1F59A3830032F754 /* placeholder-graph.png */ = {isa = PBXFileReference; lastKnownFileType = image.png; path = "placeholder-graph.png"; sourceTree = "<group>"; };
		55A5CC3D1F59A4990032F754 /* heartbeat.png */ = {isa = PBXFileReference; lastKnownFileType = image.png; path = heartbeat.png; sourceTree = "<group>"; };
		55A5CC3F1F59A55B0032F754 /* smell-512.png */ = {isa = PBXFileReference; lastKnownFileType = image.png; path = "smell-512.png"; sourceTree = "<group>"; };
		55A5CC411F59A7320032F754 /* thermometer.png */ = {isa = PBXFileReference; lastKnownFileType = image.png; path = thermometer.png; sourceTree = "<group>"; };
		55D087D01FB345CE00904135 /* ApiConnector.swift */ = {isa = PBXFileReference; lastKnownFileType = sourcecode.swift; path = ApiConnector.swift; sourceTree = "<group>"; };
		55D087D81FB3D44D00904135 /* icone_graph.png */ = {isa = PBXFileReference; lastKnownFileType = image.png; path = icone_graph.png; sourceTree = "<group>"; };
		55D087D91FB3D44E00904135 /* icone_breathing.png */ = {isa = PBXFileReference; lastKnownFileType = image.png; path = icone_breathing.png; sourceTree = "<group>"; };
		55D087DA1FB3D44E00904135 /* icone_moving_crib.png */ = {isa = PBXFileReference; lastKnownFileType = image.png; path = icone_moving_crib.png; sourceTree = "<group>"; };
		55D087DB1FB3D44E00904135 /* icone_moving_crib_vibrate.png */ = {isa = PBXFileReference; lastKnownFileType = image.png; path = icone_moving_crib_vibrate.png; sourceTree = "<group>"; };
		55D087DC1FB3D44F00904135 /* logo.png */ = {isa = PBXFileReference; lastKnownFileType = image.png; path = logo.png; sourceTree = "<group>"; };
		55D087DD1FB3D45000904135 /* icone_moving_crib_Z.png */ = {isa = PBXFileReference; lastKnownFileType = image.png; path = icone_moving_crib_Z.png; sourceTree = "<group>"; };
		55D087DE1FB3D45000904135 /* icone_crib_search.png */ = {isa = PBXFileReference; lastKnownFileType = image.png; path = icone_crib_search.png; sourceTree = "<group>"; };
		55D087DF1FB3D45000904135 /* icone_heart.png */ = {isa = PBXFileReference; lastKnownFileType = image.png; path = icone_heart.png; sourceTree = "<group>"; };
		55D087E01FB3D45100904135 /* icone_moving_crib_X.png */ = {isa = PBXFileReference; lastKnownFileType = image.png; path = icone_moving_crib_X.png; sourceTree = "<group>"; };
		55D087E11FB3D45100904135 /* icone_temperature.png */ = {isa = PBXFileReference; lastKnownFileType = image.png; path = icone_temperature.png; sourceTree = "<group>"; };
		55D087ED1FB4BD7E00904135 /* icone_wifi.png */ = {isa = PBXFileReference; lastKnownFileType = image.png; path = icone_wifi.png; sourceTree = "<group>"; };
		5B32EE448D66991C0E149AF1 /* Pods-BabyOnBoardTests.debug.xcconfig */ = {isa = PBXFileReference; includeInIndex = 1; lastKnownFileType = text.xcconfig; name = "Pods-BabyOnBoardTests.debug.xcconfig"; path = "Pods/Target Support Files/Pods-BabyOnBoardTests/Pods-BabyOnBoardTests.debug.xcconfig"; sourceTree = "<group>"; };
		6928CB95C002CEE0F7D8CB47 /* Pods-BabyOnBoardTests.release.xcconfig */ = {isa = PBXFileReference; includeInIndex = 1; lastKnownFileType = text.xcconfig; name = "Pods-BabyOnBoardTests.release.xcconfig"; path = "Pods/Target Support Files/Pods-BabyOnBoardTests/Pods-BabyOnBoardTests.release.xcconfig"; sourceTree = "<group>"; };
		7053CADD891B2DE0AA1CA280 /* Pods-BabyOnBoard.release.xcconfig */ = {isa = PBXFileReference; includeInIndex = 1; lastKnownFileType = text.xcconfig; name = "Pods-BabyOnBoard.release.xcconfig"; path = "Pods/Target Support Files/Pods-BabyOnBoard/Pods-BabyOnBoard.release.xcconfig"; sourceTree = "<group>"; };
		A60D9D6F81D16C376B1C3DCD /* Pods_BabyOnBoardTests.framework */ = {isa = PBXFileReference; explicitFileType = wrapper.framework; includeInIndex = 0; path = Pods_BabyOnBoardTests.framework; sourceTree = BUILT_PRODUCTS_DIR; };
		C9CA8B7E6DEB1124E4C95441 /* Pods_BabyOnBoard.framework */ = {isa = PBXFileReference; explicitFileType = wrapper.framework; includeInIndex = 0; path = Pods_BabyOnBoard.framework; sourceTree = BUILT_PRODUCTS_DIR; };
		D0570090D6B5A8C45EE06E4F /* Pods-BabyOnBoardUITests.debug.xcconfig */ = {isa = PBXFileReference; includeInIndex = 1; lastKnownFileType = text.xcconfig; name = "Pods-BabyOnBoardUITests.debug.xcconfig"; path = "Pods/Target Support Files/Pods-BabyOnBoardUITests/Pods-BabyOnBoardUITests.debug.xcconfig"; sourceTree = "<group>"; };
		EBC1C3C241C2F4CABA9E3A98 /* Pods_BabyOnBoardUITests.framework */ = {isa = PBXFileReference; explicitFileType = wrapper.framework; includeInIndex = 0; path = Pods_BabyOnBoardUITests.framework; sourceTree = BUILT_PRODUCTS_DIR; };
		F5ECBCBAE831054367A41108 /* Pods-BabyOnBoard.debug.xcconfig */ = {isa = PBXFileReference; includeInIndex = 1; lastKnownFileType = text.xcconfig; name = "Pods-BabyOnBoard.debug.xcconfig"; path = "Pods/Target Support Files/Pods-BabyOnBoard/Pods-BabyOnBoard.debug.xcconfig"; sourceTree = "<group>"; };
/* End PBXFileReference section */

/* Begin PBXFrameworksBuildPhase section */
		55A5CBDC1F58B16F0032F754 /* Frameworks */ = {
			isa = PBXFrameworksBuildPhase;
			buildActionMask = 2147483647;
			files = (
				2B033955EDE758C977CD7EE9 /* Pods_BabyOnBoard.framework in Frameworks */,
			);
			runOnlyForDeploymentPostprocessing = 0;
		};
		55A5CBF21F58B16F0032F754 /* Frameworks */ = {
			isa = PBXFrameworksBuildPhase;
			buildActionMask = 2147483647;
			files = (
				C4609676D00780C7718A9A65 /* Pods_BabyOnBoardTests.framework in Frameworks */,
			);
			runOnlyForDeploymentPostprocessing = 0;
		};
		55A5CBFD1F58B16F0032F754 /* Frameworks */ = {
			isa = PBXFrameworksBuildPhase;
			buildActionMask = 2147483647;
			files = (
				497EE2F1C5AC8A4C31E33040 /* Pods_BabyOnBoardUITests.framework in Frameworks */,
			);
			runOnlyForDeploymentPostprocessing = 0;
		};
/* End PBXFrameworksBuildPhase section */

/* Begin PBXGroup section */
		55A5CBD61F58B16F0032F754 = {
			isa = PBXGroup;
			children = (
				55A5CBE11F58B16F0032F754 /* BabyOnBoard */,
				55A5CBF81F58B16F0032F754 /* BabyOnBoardTests */,
				55A5CC031F58B16F0032F754 /* BabyOnBoardUITests */,
				55A5CBE01F58B16F0032F754 /* Products */,
				8866C59481223BA1E6C8C4E0 /* Pods */,
				D17DF49173C389CE57E77D64 /* Frameworks */,
			);
			sourceTree = "<group>";
		};
		55A5CBE01F58B16F0032F754 /* Products */ = {
			isa = PBXGroup;
			children = (
				55A5CBDF1F58B16F0032F754 /* BabyOnBoard.app */,
				55A5CBF51F58B16F0032F754 /* BabyOnBoardTests.xctest */,
				55A5CC001F58B16F0032F754 /* BabyOnBoardUITests.xctest */,
			);
			name = Products;
			sourceTree = "<group>";
		};
		55A5CBE11F58B16F0032F754 /* BabyOnBoard */ = {
			isa = PBXGroup;
			children = (
				55A5CBE21F58B16F0032F754 /* AppDelegate.swift */,
				55D087D01FB345CE00904135 /* ApiConnector.swift */,
				55A5CBE41F58B16F0032F754 /* FirstViewController.swift */,
				55A5CBE61F58B16F0032F754 /* SecondViewController.swift */,
				55A5CC2B1F5990C30032F754 /* MovementViewController.swift */,
				55A5CC2D1F5990D50032F754 /* ConnectionViewController.swift */,
				55A5CC141F58E9040032F754 /* TabBarControllerViewController.swift */,
				55A5CC2F1F59978C0032F754 /* ScheduleViewController.swift */,
				55D087EC1FB3D45900904135 /* NewIcons */,
				55A5CC281F598A5D0032F754 /* Resources */,
				55A5CBE81F58B16F0032F754 /* Main.storyboard */,
				55A5CBEB1F58B16F0032F754 /* Assets.xcassets */,
				55A5CBED1F58B16F0032F754 /* LaunchScreen.storyboard */,
				55A5CBF01F58B16F0032F754 /* Info.plist */,
			);
			path = BabyOnBoard;
			sourceTree = "<group>";
		};
		55A5CBF81F58B16F0032F754 /* BabyOnBoardTests */ = {
			isa = PBXGroup;
			children = (
				55A5CBF91F58B16F0032F754 /* BabyOnBoardTests.swift */,
				55A5CBFB1F58B16F0032F754 /* Info.plist */,
			);
			path = BabyOnBoardTests;
			sourceTree = "<group>";
		};
		55A5CC031F58B16F0032F754 /* BabyOnBoardUITests */ = {
			isa = PBXGroup;
			children = (
				55A5CC041F58B16F0032F754 /* BabyOnBoardUITests.swift */,
				55A5CC061F58B16F0032F754 /* Info.plist */,
			);
			path = BabyOnBoardUITests;
			sourceTree = "<group>";
		};
		55A5CC281F598A5D0032F754 /* Resources */ = {
			isa = PBXGroup;
			children = (
				55A5CC291F598A720032F754 /* Images */,
			);
			name = Resources;
			sourceTree = "<group>";
		};
		55A5CC291F598A720032F754 /* Images */ = {
			isa = PBXGroup;
			children = (
				55A5CC2A1F598A7C0032F754 /* 32 */,
				55A5CC161F597FB20032F754 /* wifi.png */,
				55A5CC221F598A570032F754 /* crib-horizontal.png */,
				55A5CC231F598A570032F754 /* crib-vibrate.png */,
				55A5CC241F598A570032F754 /* crib-vertical.png */,
				55A5CC311F5999310032F754 /* rewind.png */,
				55A5CC321F5999310032F754 /* foward.png */,
				55A5CC331F5999310032F754 /* play.png */,
				55A5CC341F5999310032F754 /* pause.png */,
				55A5CC391F5999C40032F754 /* music.png */,
				55A5CC3B1F59A3830032F754 /* placeholder-graph.png */,
				55A5CC3D1F59A4990032F754 /* heartbeat.png */,
				55A5CC3F1F59A55B0032F754 /* smell-512.png */,
				55A5CC411F59A7320032F754 /* thermometer.png */,
			);
			name = Images;
			sourceTree = "<group>";
		};
		55A5CC2A1F598A7C0032F754 /* 32 */ = {
			isa = PBXGroup;
			children = (
				55A5CC181F59832A0032F754 /* thermometer-three-quarters-32.png */,
				55A5CC191F59832A0032F754 /* wifi-32.png */,
				55A5CC1A1F59832A0032F754 /* youtube-play-32.png */,
				55A5CC1E1F5983AA0032F754 /* bar-chart-32.png */,
				55A5CC201F59843F0032F754 /* crib-32.png */,
			);
			name = 32;
			sourceTree = "<group>";
		};
		55D087EC1FB3D45900904135 /* NewIcons */ = {
			isa = PBXGroup;
			children = (
				55D087D91FB3D44E00904135 /* icone_breathing.png */,
				55D087ED1FB4BD7E00904135 /* icone_wifi.png */,
				55D087DE1FB3D45000904135 /* icone_crib_search.png */,
				55D087D81FB3D44D00904135 /* icone_graph.png */,
				55D087DF1FB3D45000904135 /* icone_heart.png */,
				55D087DB1FB3D44E00904135 /* icone_moving_crib_vibrate.png */,
				55D087E01FB3D45100904135 /* icone_moving_crib_X.png */,
				55D087DD1FB3D45000904135 /* icone_moving_crib_Z.png */,
				55D087DA1FB3D44E00904135 /* icone_moving_crib.png */,
				55D087E11FB3D45100904135 /* icone_temperature.png */,
				55D087DC1FB3D44F00904135 /* logo.png */,
			);
			name = NewIcons;
			sourceTree = "<group>";
		};
		8866C59481223BA1E6C8C4E0 /* Pods */ = {
			isa = PBXGroup;
			children = (
				F5ECBCBAE831054367A41108 /* Pods-BabyOnBoard.debug.xcconfig */,
				7053CADD891B2DE0AA1CA280 /* Pods-BabyOnBoard.release.xcconfig */,
				5B32EE448D66991C0E149AF1 /* Pods-BabyOnBoardTests.debug.xcconfig */,
				6928CB95C002CEE0F7D8CB47 /* Pods-BabyOnBoardTests.release.xcconfig */,
				D0570090D6B5A8C45EE06E4F /* Pods-BabyOnBoardUITests.debug.xcconfig */,
				30AD1DA8EA918AECFCE5B573 /* Pods-BabyOnBoardUITests.release.xcconfig */,
			);
			name = Pods;
			sourceTree = "<group>";
		};
		D17DF49173C389CE57E77D64 /* Frameworks */ = {
			isa = PBXGroup;
			children = (
				C9CA8B7E6DEB1124E4C95441 /* Pods_BabyOnBoard.framework */,
				A60D9D6F81D16C376B1C3DCD /* Pods_BabyOnBoardTests.framework */,
				EBC1C3C241C2F4CABA9E3A98 /* Pods_BabyOnBoardUITests.framework */,
			);
			name = Frameworks;
			sourceTree = "<group>";
		};
/* End PBXGroup section */

/* Begin PBXNativeTarget section */
		55A5CBDE1F58B16F0032F754 /* BabyOnBoard */ = {
			isa = PBXNativeTarget;
			buildConfigurationList = 55A5CC091F58B16F0032F754 /* Build configuration list for PBXNativeTarget "BabyOnBoard" */;
			buildPhases = (
				61466A08AD9E3BB5BFB7BA88 /* [CP] Check Pods Manifest.lock */,
				55A5CBDB1F58B16F0032F754 /* Sources */,
				55A5CBDC1F58B16F0032F754 /* Frameworks */,
				55A5CBDD1F58B16F0032F754 /* Resources */,
				1A0BBAE03DF41643B6173154 /* [CP] Embed Pods Frameworks */,
				0B41DDA86F1B8A0AB504F09B /* [CP] Copy Pods Resources */,
			);
			buildRules = (
			);
			dependencies = (
			);
			name = BabyOnBoard;
			productName = BabyOnBoard;
			productReference = 55A5CBDF1F58B16F0032F754 /* BabyOnBoard.app */;
			productType = "com.apple.product-type.application";
		};
		55A5CBF41F58B16F0032F754 /* BabyOnBoardTests */ = {
			isa = PBXNativeTarget;
			buildConfigurationList = 55A5CC0C1F58B16F0032F754 /* Build configuration list for PBXNativeTarget "BabyOnBoardTests" */;
			buildPhases = (
				3F9BFEA7B5BA9C71AD7DC8FE /* [CP] Check Pods Manifest.lock */,
				55A5CBF11F58B16F0032F754 /* Sources */,
				55A5CBF21F58B16F0032F754 /* Frameworks */,
				55A5CBF31F58B16F0032F754 /* Resources */,
				CB40A35954E5CC89181952A2 /* [CP] Embed Pods Frameworks */,
				939FC80540600AACC1633BBD /* [CP] Copy Pods Resources */,
			);
			buildRules = (
			);
			dependencies = (
				55A5CBF71F58B16F0032F754 /* PBXTargetDependency */,
			);
			name = BabyOnBoardTests;
			productName = BabyOnBoardTests;
			productReference = 55A5CBF51F58B16F0032F754 /* BabyOnBoardTests.xctest */;
			productType = "com.apple.product-type.bundle.unit-test";
		};
		55A5CBFF1F58B16F0032F754 /* BabyOnBoardUITests */ = {
			isa = PBXNativeTarget;
			buildConfigurationList = 55A5CC0F1F58B16F0032F754 /* Build configuration list for PBXNativeTarget "BabyOnBoardUITests" */;
			buildPhases = (
				95F7BC7BF1602278816AD5C2 /* [CP] Check Pods Manifest.lock */,
				55A5CBFC1F58B16F0032F754 /* Sources */,
				55A5CBFD1F58B16F0032F754 /* Frameworks */,
				55A5CBFE1F58B16F0032F754 /* Resources */,
				04285130E14EE849F68809E3 /* [CP] Embed Pods Frameworks */,
				61FA098F155D0FB23FC69C92 /* [CP] Copy Pods Resources */,
			);
			buildRules = (
			);
			dependencies = (
				55A5CC021F58B16F0032F754 /* PBXTargetDependency */,
			);
			name = BabyOnBoardUITests;
			productName = BabyOnBoardUITests;
			productReference = 55A5CC001F58B16F0032F754 /* BabyOnBoardUITests.xctest */;
			productType = "com.apple.product-type.bundle.ui-testing";
		};
/* End PBXNativeTarget section */

/* Begin PBXProject section */
		55A5CBD71F58B16F0032F754 /* Project object */ = {
			isa = PBXProject;
			attributes = {
				LastSwiftUpdateCheck = 0830;
				LastUpgradeCheck = 0900;
				ORGANIZATIONNAME = "Felipe César Silveira de Assis";
				TargetAttributes = {
					55A5CBDE1F58B16F0032F754 = {
						CreatedOnToolsVersion = 8.3.3;
						DevelopmentTeam = 2MB69CCJ6Z;
						LastSwiftMigration = 0900;
						ProvisioningStyle = Automatic;
					};
					55A5CBF41F58B16F0032F754 = {
						CreatedOnToolsVersion = 8.3.3;
						DevelopmentTeam = 2MB69CCJ6Z;
						LastSwiftMigration = 0900;
						ProvisioningStyle = Automatic;
						TestTargetID = 55A5CBDE1F58B16F0032F754;
					};
					55A5CBFF1F58B16F0032F754 = {
						CreatedOnToolsVersion = 8.3.3;
						DevelopmentTeam = 2MB69CCJ6Z;
						LastSwiftMigration = 0900;
						ProvisioningStyle = Automatic;
						TestTargetID = 55A5CBDE1F58B16F0032F754;
					};
				};
			};
			buildConfigurationList = 55A5CBDA1F58B16F0032F754 /* Build configuration list for PBXProject "BabyOnBoard" */;
			compatibilityVersion = "Xcode 3.2";
			developmentRegion = English;
			hasScannedForEncodings = 0;
			knownRegions = (
				en,
				Base,
			);
			mainGroup = 55A5CBD61F58B16F0032F754;
			productRefGroup = 55A5CBE01F58B16F0032F754 /* Products */;
			projectDirPath = "";
			projectRoot = "";
			targets = (
				55A5CBDE1F58B16F0032F754 /* BabyOnBoard */,
				55A5CBF41F58B16F0032F754 /* BabyOnBoardTests */,
				55A5CBFF1F58B16F0032F754 /* BabyOnBoardUITests */,
			);
		};
/* End PBXProject section */

/* Begin PBXResourcesBuildPhase section */
		55A5CBDD1F58B16F0032F754 /* Resources */ = {
			isa = PBXResourcesBuildPhase;
			buildActionMask = 2147483647;
			files = (
				55D087E61FB3D45100904135 /* logo.png in Resources */,
				55A5CC361F5999310032F754 /* foward.png in Resources */,
				55A5CBEF1F58B16F0032F754 /* LaunchScreen.storyboard in Resources */,
				55A5CC251F598A570032F754 /* crib-horizontal.png in Resources */,
				55D087E51FB3D45100904135 /* icone_moving_crib_vibrate.png in Resources */,
				55D087E71FB3D45100904135 /* icone_moving_crib_Z.png in Resources */,
				55A5CC1F1F5983AA0032F754 /* bar-chart-32.png in Resources */,
				55A5CC3E1F59A4990032F754 /* heartbeat.png in Resources */,
				55D087E21FB3D45100904135 /* icone_graph.png in Resources */,
				55A5CC271F598A570032F754 /* crib-vertical.png in Resources */,
				55D087EE1FB4BD7F00904135 /* icone_wifi.png in Resources */,
				55D087E81FB3D45100904135 /* icone_crib_search.png in Resources */,
				55A5CC1C1F59832A0032F754 /* wifi-32.png in Resources */,
				55A5CC1B1F59832A0032F754 /* thermometer-three-quarters-32.png in Resources */,
				55A5CC421F59A7320032F754 /* thermometer.png in Resources */,
				55A5CBEC1F58B16F0032F754 /* Assets.xcassets in Resources */,
				55A5CC171F597FB20032F754 /* wifi.png in Resources */,
				55D087E41FB3D45100904135 /* icone_moving_crib.png in Resources */,
				55A5CC401F59A55B0032F754 /* smell-512.png in Resources */,
				55A5CBEA1F58B16F0032F754 /* Main.storyboard in Resources */,
				55A5CC3C1F59A3830032F754 /* placeholder-graph.png in Resources */,
				55D087E91FB3D45100904135 /* icone_heart.png in Resources */,
				55A5CC381F5999310032F754 /* pause.png in Resources */,
				55A5CC1D1F59832A0032F754 /* youtube-play-32.png in Resources */,
				55D087EA1FB3D45100904135 /* icone_moving_crib_X.png in Resources */,
				55D087E31FB3D45100904135 /* icone_breathing.png in Resources */,
				55D087EB1FB3D45100904135 /* icone_temperature.png in Resources */,
				55A5CC371F5999310032F754 /* play.png in Resources */,
				55A5CC261F598A570032F754 /* crib-vibrate.png in Resources */,
				55A5CC351F5999310032F754 /* rewind.png in Resources */,
				55A5CC211F59843F0032F754 /* crib-32.png in Resources */,
				55A5CC3A1F5999C40032F754 /* music.png in Resources */,
			);
			runOnlyForDeploymentPostprocessing = 0;
		};
		55A5CBF31F58B16F0032F754 /* Resources */ = {
			isa = PBXResourcesBuildPhase;
			buildActionMask = 2147483647;
			files = (
			);
			runOnlyForDeploymentPostprocessing = 0;
		};
		55A5CBFE1F58B16F0032F754 /* Resources */ = {
			isa = PBXResourcesBuildPhase;
			buildActionMask = 2147483647;
			files = (
			);
			runOnlyForDeploymentPostprocessing = 0;
		};
/* End PBXResourcesBuildPhase section */

/* Begin PBXShellScriptBuildPhase section */
		04285130E14EE849F68809E3 /* [CP] Embed Pods Frameworks */ = {
			isa = PBXShellScriptBuildPhase;
			buildActionMask = 2147483647;
			files = (
			);
			inputPaths = (
			);
			name = "[CP] Embed Pods Frameworks";
			outputPaths = (
			);
			runOnlyForDeploymentPostprocessing = 0;
			shellPath = /bin/sh;
			shellScript = "\"${SRCROOT}/Pods/Target Support Files/Pods-BabyOnBoardUITests/Pods-BabyOnBoardUITests-frameworks.sh\"\n";
			showEnvVarsInLog = 0;
		};
		0B41DDA86F1B8A0AB504F09B /* [CP] Copy Pods Resources */ = {
			isa = PBXShellScriptBuildPhase;
			buildActionMask = 2147483647;
			files = (
			);
			inputPaths = (
			);
			name = "[CP] Copy Pods Resources";
			outputPaths = (
			);
			runOnlyForDeploymentPostprocessing = 0;
			shellPath = /bin/sh;
			shellScript = "\"${SRCROOT}/Pods/Target Support Files/Pods-BabyOnBoard/Pods-BabyOnBoard-resources.sh\"\n";
			showEnvVarsInLog = 0;
		};
		1A0BBAE03DF41643B6173154 /* [CP] Embed Pods Frameworks */ = {
			isa = PBXShellScriptBuildPhase;
			buildActionMask = 2147483647;
			files = (
			);
			inputPaths = (
				"${SRCROOT}/Pods/Target Support Files/Pods-BabyOnBoard/Pods-BabyOnBoard-frameworks.sh",
				"${BUILT_PRODUCTS_DIR}/Alamofire/Alamofire.framework",
				"${BUILT_PRODUCTS_DIR}/LTMorphingLabel/LTMorphingLabel.framework",
				"${BUILT_PRODUCTS_DIR}/OHHTTPStubs/OHHTTPStubs.framework",
				"${BUILT_PRODUCTS_DIR}/SWHttpTrafficRecorder/SWHttpTrafficRecorder.framework",
				"${BUILT_PRODUCTS_DIR}/SwifterSwift/SwifterSwift.framework",
			);
			name = "[CP] Embed Pods Frameworks";
			outputPaths = (
				"${TARGET_BUILD_DIR}/${FRAMEWORKS_FOLDER_PATH}/Alamofire.framework",
				"${TARGET_BUILD_DIR}/${FRAMEWORKS_FOLDER_PATH}/LTMorphingLabel.framework",
				"${TARGET_BUILD_DIR}/${FRAMEWORKS_FOLDER_PATH}/OHHTTPStubs.framework",
				"${TARGET_BUILD_DIR}/${FRAMEWORKS_FOLDER_PATH}/SWHttpTrafficRecorder.framework",
				"${TARGET_BUILD_DIR}/${FRAMEWORKS_FOLDER_PATH}/SwifterSwift.framework",
			);
			runOnlyForDeploymentPostprocessing = 0;
			shellPath = /bin/sh;
			shellScript = "\"${SRCROOT}/Pods/Target Support Files/Pods-BabyOnBoard/Pods-BabyOnBoard-frameworks.sh\"\n";
			showEnvVarsInLog = 0;
		};
		3F9BFEA7B5BA9C71AD7DC8FE /* [CP] Check Pods Manifest.lock */ = {
			isa = PBXShellScriptBuildPhase;
			buildActionMask = 2147483647;
			files = (
			);
			inputPaths = (
				"${PODS_PODFILE_DIR_PATH}/Podfile.lock",
				"${PODS_ROOT}/Manifest.lock",
			);
			name = "[CP] Check Pods Manifest.lock";
			outputPaths = (
				"$(DERIVED_FILE_DIR)/Pods-BabyOnBoardTests-checkManifestLockResult.txt",
			);
			runOnlyForDeploymentPostprocessing = 0;
			shellPath = /bin/sh;
			shellScript = "diff \"${PODS_PODFILE_DIR_PATH}/Podfile.lock\" \"${PODS_ROOT}/Manifest.lock\" > /dev/null\nif [ $? != 0 ] ; then\n    # print error to STDERR\n    echo \"error: The sandbox is not in sync with the Podfile.lock. Run 'pod install' or update your CocoaPods installation.\" >&2\n    exit 1\nfi\n# This output is used by Xcode 'outputs' to avoid re-running this script phase.\necho \"SUCCESS\" > \"${SCRIPT_OUTPUT_FILE_0}\"\n";
			showEnvVarsInLog = 0;
		};
		61466A08AD9E3BB5BFB7BA88 /* [CP] Check Pods Manifest.lock */ = {
			isa = PBXShellScriptBuildPhase;
			buildActionMask = 2147483647;
			files = (
			);
			inputPaths = (
				"${PODS_PODFILE_DIR_PATH}/Podfile.lock",
				"${PODS_ROOT}/Manifest.lock",
			);
			name = "[CP] Check Pods Manifest.lock";
			outputPaths = (
				"$(DERIVED_FILE_DIR)/Pods-BabyOnBoard-checkManifestLockResult.txt",
			);
			runOnlyForDeploymentPostprocessing = 0;
			shellPath = /bin/sh;
			shellScript = "diff \"${PODS_PODFILE_DIR_PATH}/Podfile.lock\" \"${PODS_ROOT}/Manifest.lock\" > /dev/null\nif [ $? != 0 ] ; then\n    # print error to STDERR\n    echo \"error: The sandbox is not in sync with the Podfile.lock. Run 'pod install' or update your CocoaPods installation.\" >&2\n    exit 1\nfi\n# This output is used by Xcode 'outputs' to avoid re-running this script phase.\necho \"SUCCESS\" > \"${SCRIPT_OUTPUT_FILE_0}\"\n";
			showEnvVarsInLog = 0;
		};
		61FA098F155D0FB23FC69C92 /* [CP] Copy Pods Resources */ = {
			isa = PBXShellScriptBuildPhase;
			buildActionMask = 2147483647;
			files = (
			);
			inputPaths = (
			);
			name = "[CP] Copy Pods Resources";
			outputPaths = (
			);
			runOnlyForDeploymentPostprocessing = 0;
			shellPath = /bin/sh;
			shellScript = "\"${SRCROOT}/Pods/Target Support Files/Pods-BabyOnBoardUITests/Pods-BabyOnBoardUITests-resources.sh\"\n";
			showEnvVarsInLog = 0;
		};
		939FC80540600AACC1633BBD /* [CP] Copy Pods Resources */ = {
			isa = PBXShellScriptBuildPhase;
			buildActionMask = 2147483647;
			files = (
			);
			inputPaths = (
			);
			name = "[CP] Copy Pods Resources";
			outputPaths = (
			);
			runOnlyForDeploymentPostprocessing = 0;
			shellPath = /bin/sh;
			shellScript = "\"${SRCROOT}/Pods/Target Support Files/Pods-BabyOnBoardTests/Pods-BabyOnBoardTests-resources.sh\"\n";
			showEnvVarsInLog = 0;
		};
		95F7BC7BF1602278816AD5C2 /* [CP] Check Pods Manifest.lock */ = {
			isa = PBXShellScriptBuildPhase;
			buildActionMask = 2147483647;
			files = (
			);
			inputPaths = (
				"${PODS_PODFILE_DIR_PATH}/Podfile.lock",
				"${PODS_ROOT}/Manifest.lock",
			);
			name = "[CP] Check Pods Manifest.lock";
			outputPaths = (
				"$(DERIVED_FILE_DIR)/Pods-BabyOnBoardUITests-checkManifestLockResult.txt",
			);
			runOnlyForDeploymentPostprocessing = 0;
			shellPath = /bin/sh;
			shellScript = "diff \"${PODS_PODFILE_DIR_PATH}/Podfile.lock\" \"${PODS_ROOT}/Manifest.lock\" > /dev/null\nif [ $? != 0 ] ; then\n    # print error to STDERR\n    echo \"error: The sandbox is not in sync with the Podfile.lock. Run 'pod install' or update your CocoaPods installation.\" >&2\n    exit 1\nfi\n# This output is used by Xcode 'outputs' to avoid re-running this script phase.\necho \"SUCCESS\" > \"${SCRIPT_OUTPUT_FILE_0}\"\n";
			showEnvVarsInLog = 0;
		};
		CB40A35954E5CC89181952A2 /* [CP] Embed Pods Frameworks */ = {
			isa = PBXShellScriptBuildPhase;
			buildActionMask = 2147483647;
			files = (
			);
			inputPaths = (
				"${SRCROOT}/Pods/Target Support Files/Pods-BabyOnBoardTests/Pods-BabyOnBoardTests-frameworks.sh",
				"${BUILT_PRODUCTS_DIR}/OHHTTPStubs/OHHTTPStubs.framework",
				"${BUILT_PRODUCTS_DIR}/SWHttpTrafficRecorder/SWHttpTrafficRecorder.framework",
			);
			name = "[CP] Embed Pods Frameworks";
			outputPaths = (
				"${TARGET_BUILD_DIR}/${FRAMEWORKS_FOLDER_PATH}/OHHTTPStubs.framework",
				"${TARGET_BUILD_DIR}/${FRAMEWORKS_FOLDER_PATH}/SWHttpTrafficRecorder.framework",
			);
			runOnlyForDeploymentPostprocessing = 0;
			shellPath = /bin/sh;
			shellScript = "\"${SRCROOT}/Pods/Target Support Files/Pods-BabyOnBoardTests/Pods-BabyOnBoardTests-frameworks.sh\"\n";
			showEnvVarsInLog = 0;
		};
/* End PBXShellScriptBuildPhase section */

/* Begin PBXSourcesBuildPhase section */
		55A5CBDB1F58B16F0032F754 /* Sources */ = {
			isa = PBXSourcesBuildPhase;
			buildActionMask = 2147483647;
			files = (
				55A5CC2C1F5990C30032F754 /* MovementViewController.swift in Sources */,
				55A5CBE71F58B16F0032F754 /* SecondViewController.swift in Sources */,
				55D087D11FB345CE00904135 /* ApiConnector.swift in Sources */,
				55A5CC2E1F5990D50032F754 /* ConnectionViewController.swift in Sources */,
				55A5CBE31F58B16F0032F754 /* AppDelegate.swift in Sources */,
				55A5CC151F58E9040032F754 /* TabBarControllerViewController.swift in Sources */,
				55A5CC301F59978C0032F754 /* ScheduleViewController.swift in Sources */,
				55A5CBE51F58B16F0032F754 /* FirstViewController.swift in Sources */,
			);
			runOnlyForDeploymentPostprocessing = 0;
		};
		55A5CBF11F58B16F0032F754 /* Sources */ = {
			isa = PBXSourcesBuildPhase;
			buildActionMask = 2147483647;
			files = (
				55A5CBFA1F58B16F0032F754 /* BabyOnBoardTests.swift in Sources */,
			);
			runOnlyForDeploymentPostprocessing = 0;
		};
		55A5CBFC1F58B16F0032F754 /* Sources */ = {
			isa = PBXSourcesBuildPhase;
			buildActionMask = 2147483647;
			files = (
				55A5CC051F58B16F0032F754 /* BabyOnBoardUITests.swift in Sources */,
			);
			runOnlyForDeploymentPostprocessing = 0;
		};
/* End PBXSourcesBuildPhase section */

/* Begin PBXTargetDependency section */
		55A5CBF71F58B16F0032F754 /* PBXTargetDependency */ = {
			isa = PBXTargetDependency;
			target = 55A5CBDE1F58B16F0032F754 /* BabyOnBoard */;
			targetProxy = 55A5CBF61F58B16F0032F754 /* PBXContainerItemProxy */;
		};
		55A5CC021F58B16F0032F754 /* PBXTargetDependency */ = {
			isa = PBXTargetDependency;
			target = 55A5CBDE1F58B16F0032F754 /* BabyOnBoard */;
			targetProxy = 55A5CC011F58B16F0032F754 /* PBXContainerItemProxy */;
		};
/* End PBXTargetDependency section */

/* Begin PBXVariantGroup section */
		55A5CBE81F58B16F0032F754 /* Main.storyboard */ = {
			isa = PBXVariantGroup;
			children = (
				55A5CBE91F58B16F0032F754 /* Base */,
			);
			name = Main.storyboard;
			sourceTree = "<group>";
		};
		55A5CBED1F58B16F0032F754 /* LaunchScreen.storyboard */ = {
			isa = PBXVariantGroup;
			children = (
				55A5CBEE1F58B16F0032F754 /* Base */,
			);
			name = LaunchScreen.storyboard;
			sourceTree = "<group>";
		};
/* End PBXVariantGroup section */

/* Begin XCBuildConfiguration section */
		55A5CC071F58B16F0032F754 /* Debug */ = {
			isa = XCBuildConfiguration;
			buildSettings = {
				ALWAYS_SEARCH_USER_PATHS = NO;
				CLANG_ANALYZER_NONNULL = YES;
				CLANG_ANALYZER_NUMBER_OBJECT_CONVERSION = YES_AGGRESSIVE;
				CLANG_CXX_LANGUAGE_STANDARD = "gnu++0x";
				CLANG_CXX_LIBRARY = "libc++";
				CLANG_ENABLE_MODULES = YES;
				CLANG_ENABLE_OBJC_ARC = YES;
				CLANG_WARN_BLOCK_CAPTURE_AUTORELEASING = YES;
				CLANG_WARN_BOOL_CONVERSION = YES;
				CLANG_WARN_COMMA = YES;
				CLANG_WARN_CONSTANT_CONVERSION = YES;
				CLANG_WARN_DIRECT_OBJC_ISA_USAGE = YES_ERROR;
				CLANG_WARN_DOCUMENTATION_COMMENTS = YES;
				CLANG_WARN_EMPTY_BODY = YES;
				CLANG_WARN_ENUM_CONVERSION = YES;
				CLANG_WARN_INFINITE_RECURSION = YES;
				CLANG_WARN_INT_CONVERSION = YES;
				CLANG_WARN_NON_LITERAL_NULL_CONVERSION = YES;
				CLANG_WARN_OBJC_LITERAL_CONVERSION = YES;
				CLANG_WARN_OBJC_ROOT_CLASS = YES_ERROR;
				CLANG_WARN_RANGE_LOOP_ANALYSIS = YES;
				CLANG_WARN_STRICT_PROTOTYPES = YES;
				CLANG_WARN_SUSPICIOUS_MOVE = YES;
				CLANG_WARN_UNREACHABLE_CODE = YES;
				CLANG_WARN__DUPLICATE_METHOD_MATCH = YES;
				"CODE_SIGN_IDENTITY[sdk=iphoneos*]" = "iPhone Developer";
				COPY_PHASE_STRIP = NO;
				DEBUG_INFORMATION_FORMAT = dwarf;
				ENABLE_STRICT_OBJC_MSGSEND = YES;
				ENABLE_TESTABILITY = YES;
				GCC_C_LANGUAGE_STANDARD = gnu99;
				GCC_DYNAMIC_NO_PIC = NO;
				GCC_NO_COMMON_BLOCKS = YES;
				GCC_OPTIMIZATION_LEVEL = 0;
				GCC_PREPROCESSOR_DEFINITIONS = (
					"DEBUG=1",
					"$(inherited)",
				);
				GCC_WARN_64_TO_32_BIT_CONVERSION = YES;
				GCC_WARN_ABOUT_RETURN_TYPE = YES_ERROR;
				GCC_WARN_UNDECLARED_SELECTOR = YES;
				GCC_WARN_UNINITIALIZED_AUTOS = YES_AGGRESSIVE;
				GCC_WARN_UNUSED_FUNCTION = YES;
				GCC_WARN_UNUSED_VARIABLE = YES;
				IPHONEOS_DEPLOYMENT_TARGET = 10.3;
				MTL_ENABLE_DEBUG_INFO = YES;
				ONLY_ACTIVE_ARCH = YES;
				SDKROOT = iphoneos;
				SWIFT_ACTIVE_COMPILATION_CONDITIONS = DEBUG;
				SWIFT_OPTIMIZATION_LEVEL = "-Onone";
				TARGETED_DEVICE_FAMILY = "1,2";
			};
			name = Debug;
		};
		55A5CC081F58B16F0032F754 /* Release */ = {
			isa = XCBuildConfiguration;
			buildSettings = {
				ALWAYS_SEARCH_USER_PATHS = NO;
				CLANG_ANALYZER_NONNULL = YES;
				CLANG_ANALYZER_NUMBER_OBJECT_CONVERSION = YES_AGGRESSIVE;
				CLANG_CXX_LANGUAGE_STANDARD = "gnu++0x";
				CLANG_CXX_LIBRARY = "libc++";
				CLANG_ENABLE_MODULES = YES;
				CLANG_ENABLE_OBJC_ARC = YES;
				CLANG_WARN_BLOCK_CAPTURE_AUTORELEASING = YES;
				CLANG_WARN_BOOL_CONVERSION = YES;
				CLANG_WARN_COMMA = YES;
				CLANG_WARN_CONSTANT_CONVERSION = YES;
				CLANG_WARN_DIRECT_OBJC_ISA_USAGE = YES_ERROR;
				CLANG_WARN_DOCUMENTATION_COMMENTS = YES;
				CLANG_WARN_EMPTY_BODY = YES;
				CLANG_WARN_ENUM_CONVERSION = YES;
				CLANG_WARN_INFINITE_RECURSION = YES;
				CLANG_WARN_INT_CONVERSION = YES;
				CLANG_WARN_NON_LITERAL_NULL_CONVERSION = YES;
				CLANG_WARN_OBJC_LITERAL_CONVERSION = YES;
				CLANG_WARN_OBJC_ROOT_CLASS = YES_ERROR;
				CLANG_WARN_RANGE_LOOP_ANALYSIS = YES;
				CLANG_WARN_STRICT_PROTOTYPES = YES;
				CLANG_WARN_SUSPICIOUS_MOVE = YES;
				CLANG_WARN_UNREACHABLE_CODE = YES;
				CLANG_WARN__DUPLICATE_METHOD_MATCH = YES;
				"CODE_SIGN_IDENTITY[sdk=iphoneos*]" = "iPhone Developer";
				COPY_PHASE_STRIP = NO;
				DEBUG_INFORMATION_FORMAT = "dwarf-with-dsym";
				ENABLE_NS_ASSERTIONS = NO;
				ENABLE_STRICT_OBJC_MSGSEND = YES;
				GCC_C_LANGUAGE_STANDARD = gnu99;
				GCC_NO_COMMON_BLOCKS = YES;
				GCC_WARN_64_TO_32_BIT_CONVERSION = YES;
				GCC_WARN_ABOUT_RETURN_TYPE = YES_ERROR;
				GCC_WARN_UNDECLARED_SELECTOR = YES;
				GCC_WARN_UNINITIALIZED_AUTOS = YES_AGGRESSIVE;
				GCC_WARN_UNUSED_FUNCTION = YES;
				GCC_WARN_UNUSED_VARIABLE = YES;
				IPHONEOS_DEPLOYMENT_TARGET = 10.3;
				MTL_ENABLE_DEBUG_INFO = NO;
				SDKROOT = iphoneos;
				SWIFT_OPTIMIZATION_LEVEL = "-Owholemodule";
				TARGETED_DEVICE_FAMILY = "1,2";
				VALIDATE_PRODUCT = YES;
			};
			name = Release;
		};
		55A5CC0A1F58B16F0032F754 /* Debug */ = {
			isa = XCBuildConfiguration;
			baseConfigurationReference = F5ECBCBAE831054367A41108 /* Pods-BabyOnBoard.debug.xcconfig */;
			buildSettings = {
				ASSETCATALOG_COMPILER_APPICON_NAME = AppIcon;
				DEVELOPMENT_TEAM = 2MB69CCJ6Z;
				INFOPLIST_FILE = BabyOnBoard/Info.plist;
				LD_RUNPATH_SEARCH_PATHS = "$(inherited) @executable_path/Frameworks";
				PRODUCT_BUNDLE_IDENTIFIER = com.cloudrail.BabyOnBoard;
				PRODUCT_NAME = "$(TARGET_NAME)";
				SWIFT_VERSION = 4.0;
			};
			name = Debug;
		};
		55A5CC0B1F58B16F0032F754 /* Release */ = {
			isa = XCBuildConfiguration;
			baseConfigurationReference = 7053CADD891B2DE0AA1CA280 /* Pods-BabyOnBoard.release.xcconfig */;
			buildSettings = {
				ASSETCATALOG_COMPILER_APPICON_NAME = AppIcon;
				DEVELOPMENT_TEAM = 2MB69CCJ6Z;
				INFOPLIST_FILE = BabyOnBoard/Info.plist;
				LD_RUNPATH_SEARCH_PATHS = "$(inherited) @executable_path/Frameworks";
				PRODUCT_BUNDLE_IDENTIFIER = com.cloudrail.BabyOnBoard;
				PRODUCT_NAME = "$(TARGET_NAME)";
				SWIFT_VERSION = 4.0;
			};
			name = Release;
		};
		55A5CC0D1F58B16F0032F754 /* Debug */ = {
			isa = XCBuildConfiguration;
			baseConfigurationReference = 5B32EE448D66991C0E149AF1 /* Pods-BabyOnBoardTests.debug.xcconfig */;
			buildSettings = {
				ALWAYS_EMBED_SWIFT_STANDARD_LIBRARIES = YES;
				BUNDLE_LOADER = "$(TEST_HOST)";
				DEVELOPMENT_TEAM = 2MB69CCJ6Z;
				INFOPLIST_FILE = BabyOnBoardTests/Info.plist;
				LD_RUNPATH_SEARCH_PATHS = "$(inherited) @executable_path/Frameworks @loader_path/Frameworks";
				PRODUCT_BUNDLE_IDENTIFIER = com.cloudrail.BabyOnBoardTests;
				PRODUCT_NAME = "$(TARGET_NAME)";
				SWIFT_VERSION = 4.0;
				TEST_HOST = "$(BUILT_PRODUCTS_DIR)/BabyOnBoard.app/BabyOnBoard";
			};
			name = Debug;
		};
		55A5CC0E1F58B16F0032F754 /* Release */ = {
			isa = XCBuildConfiguration;
			baseConfigurationReference = 6928CB95C002CEE0F7D8CB47 /* Pods-BabyOnBoardTests.release.xcconfig */;
			buildSettings = {
				ALWAYS_EMBED_SWIFT_STANDARD_LIBRARIES = YES;
				BUNDLE_LOADER = "$(TEST_HOST)";
				DEVELOPMENT_TEAM = 2MB69CCJ6Z;
				INFOPLIST_FILE = BabyOnBoardTests/Info.plist;
				LD_RUNPATH_SEARCH_PATHS = "$(inherited) @executable_path/Frameworks @loader_path/Frameworks";
				PRODUCT_BUNDLE_IDENTIFIER = com.cloudrail.BabyOnBoardTests;
				PRODUCT_NAME = "$(TARGET_NAME)";
				SWIFT_VERSION = 4.0;
				TEST_HOST = "$(BUILT_PRODUCTS_DIR)/BabyOnBoard.app/BabyOnBoard";
			};
			name = Release;
		};
		55A5CC101F58B16F0032F754 /* Debug */ = {
			isa = XCBuildConfiguration;
			baseConfigurationReference = D0570090D6B5A8C45EE06E4F /* Pods-BabyOnBoardUITests.debug.xcconfig */;
			buildSettings = {
				ALWAYS_EMBED_SWIFT_STANDARD_LIBRARIES = YES;
				DEVELOPMENT_TEAM = 2MB69CCJ6Z;
				INFOPLIST_FILE = BabyOnBoardUITests/Info.plist;
				LD_RUNPATH_SEARCH_PATHS = "$(inherited) @executable_path/Frameworks @loader_path/Frameworks";
				PRODUCT_BUNDLE_IDENTIFIER = com.cloudrail.BabyOnBoardUITests;
				PRODUCT_NAME = "$(TARGET_NAME)";
				SWIFT_VERSION = 4.0;
				TEST_TARGET_NAME = BabyOnBoard;
			};
			name = Debug;
		};
		55A5CC111F58B16F0032F754 /* Release */ = {
			isa = XCBuildConfiguration;
			baseConfigurationReference = 30AD1DA8EA918AECFCE5B573 /* Pods-BabyOnBoardUITests.release.xcconfig */;
			buildSettings = {
				ALWAYS_EMBED_SWIFT_STANDARD_LIBRARIES = YES;
				DEVELOPMENT_TEAM = 2MB69CCJ6Z;
				INFOPLIST_FILE = BabyOnBoardUITests/Info.plist;
				LD_RUNPATH_SEARCH_PATHS = "$(inherited) @executable_path/Frameworks @loader_path/Frameworks";
				PRODUCT_BUNDLE_IDENTIFIER = com.cloudrail.BabyOnBoardUITests;
				PRODUCT_NAME = "$(TARGET_NAME)";
				SWIFT_VERSION = 4.0;
				TEST_TARGET_NAME = BabyOnBoard;
			};
			name = Release;
		};
/* End XCBuildConfiguration section */

/* Begin XCConfigurationList section */
		55A5CBDA1F58B16F0032F754 /* Build configuration list for PBXProject "BabyOnBoard" */ = {
			isa = XCConfigurationList;
			buildConfigurations = (
				55A5CC071F58B16F0032F754 /* Debug */,
				55A5CC081F58B16F0032F754 /* Release */,
			);
			defaultConfigurationIsVisible = 0;
			defaultConfigurationName = Release;
		};
		55A5CC091F58B16F0032F754 /* Build configuration list for PBXNativeTarget "BabyOnBoard" */ = {
			isa = XCConfigurationList;
			buildConfigurations = (
				55A5CC0A1F58B16F0032F754 /* Debug */,
				55A5CC0B1F58B16F0032F754 /* Release */,
			);
			defaultConfigurationIsVisible = 0;
			defaultConfigurationName = Release;
		};
		55A5CC0C1F58B16F0032F754 /* Build configuration list for PBXNativeTarget "BabyOnBoardTests" */ = {
			isa = XCConfigurationList;
			buildConfigurations = (
				55A5CC0D1F58B16F0032F754 /* Debug */,
				55A5CC0E1F58B16F0032F754 /* Release */,
			);
			defaultConfigurationIsVisible = 0;
			defaultConfigurationName = Release;
		};
		55A5CC0F1F58B16F0032F754 /* Build configuration list for PBXNativeTarget "BabyOnBoardUITests" */ = {
			isa = XCConfigurationList;
			buildConfigurations = (
				55A5CC101F58B16F0032F754 /* Debug */,
				55A5CC111F58B16F0032F754 /* Release */,
			);
			defaultConfigurationIsVisible = 0;
			defaultConfigurationName = Release;
		};
/* End XCConfigurationList section */
	};
	rootObject = 55A5CBD71F58B16F0032F754 /* Project object */;
}
